
Microsoft Visual Studio Solution File, Format Version 12.00
# Visual Studio 15
VisualStudioVersion = 15.0.27703.2018
MinimumVisualStudioVersion = 10.0.40219.1
Project("{FAE04EC0-301F-11D3-BF4B-00C04F79EFBC}") = "FollowMeApp.Android", "FollowMeApp\FollowMeApp.Android\FollowMeApp.Android.csproj", "{49F06E5B-DA83-4E34-8756-AECB851C15BC}"
EndProject
Project("{FAE04EC0-301F-11D3-BF4B-00C04F79EFBC}") = "FollowMeApp.iOS", "FollowMeApp\FollowMeApp.iOS\FollowMeApp.iOS.csproj", "{77EAB2D9-1BFB-4C42-8803-2B29BF163224}"
EndProject
Project("{FAE04EC0-301F-11D3-BF4B-00C04F79EFBC}") = "FollowMeApp.UWP", "FollowMeApp\FollowMeApp.UWP\FollowMeApp.UWP.csproj", "{7A07FF88-020E-4DF5-AB82-89A5D24EB251}"
EndProject
Project("{D954291E-2A0B-460D-934E-DC6B0785DB48}") = "FollowMeApp", "FollowMeApp\FollowMeApp\FollowMeApp.shproj", "{32EA4E77-2E4C-4570-84C4-062F9DE07566}"
EndProject
Global
	GlobalSection(SharedMSBuildProjectFiles) = preSolution
		FollowMeApp\FollowMeApp\FollowMeApp.projitems*{32ea4e77-2e4c-4570-84c4-062f9de07566}*SharedItemsImports = 13
		FollowMeApp\FollowMeApp\FollowMeApp.projitems*{49f06e5b-da83-4e34-8756-aecb851c15bc}*SharedItemsImports = 4
		FollowMeApp\FollowMeApp\FollowMeApp.projitems*{77eab2d9-1bfb-4c42-8803-2b29bf163224}*SharedItemsImports = 4
		FollowMeApp\FollowMeApp\FollowMeApp.projitems*{7a07ff88-020e-4df5-ab82-89a5d24eb251}*SharedItemsImports = 4
	EndGlobalSection
	GlobalSection(SolutionConfigurationPlatforms) = preSolution
		Ad-Hoc|Any CPU = Ad-Hoc|Any CPU
		Ad-Hoc|ARM = Ad-Hoc|ARM
		Ad-Hoc|iPhone = Ad-Hoc|iPhone
		Ad-Hoc|iPhoneSimulator = Ad-Hoc|iPhoneSimulator
		Ad-Hoc|x64 = Ad-Hoc|x64
		Ad-Hoc|x86 = Ad-Hoc|x86
		AppStore|Any CPU = AppStore|Any CPU
		AppStore|ARM = AppStore|ARM
		AppStore|iPhone = AppStore|iPhone
		AppStore|iPhoneSimulator = AppStore|iPhoneSimulator
		AppStore|x64 = AppStore|x64
		AppStore|x86 = AppStore|x86
		Debug|Any CPU = Debug|Any CPU
		Debug|ARM = Debug|ARM
		Debug|iPhone = Debug|iPhone
		Debug|iPhoneSimulator = Debug|iPhoneSimulator
		Debug|x64 = Debug|x64
		Debug|x86 = Debug|x86
		Release|Any CPU = Release|Any CPU
		Release|ARM = Release|ARM
		Release|iPhone = Release|iPhone
		Release|iPhoneSimulator = Release|iPhoneSimulator
		Release|x64 = Release|x64
		Release|x86 = Release|x86
	EndGlobalSection
	GlobalSection(ProjectConfigurationPlatforms) = postSolution
		{49F06E5B-DA83-4E34-8756-AECB851C15BC}.Ad-Hoc|Any CPU.ActiveCfg = Release|Any CPU
		{49F06E5B-DA83-4E34-8756-AECB851C15BC}.Ad-Hoc|Any CPU.Build.0 = Release|Any CPU
		{49F06E5B-DA83-4E34-8756-AECB851C15BC}.Ad-Hoc|Any CPU.Deploy.0 = Release|Any CPU
		{49F06E5B-DA83-4E34-8756-AECB851C15BC}.Ad-Hoc|ARM.ActiveCfg = Release|Any CPU
		{49F06E5B-DA83-4E34-8756-AECB851C15BC}.Ad-Hoc|ARM.Build.0 = Release|Any CPU
		{49F06E5B-DA83-4E34-8756-AECB851C15BC}.Ad-Hoc|ARM.Deploy.0 = Release|Any CPU
		{49F06E5B-DA83-4E34-8756-AECB851C15BC}.Ad-Hoc|iPhone.ActiveCfg = Release|Any CPU
		{49F06E5B-DA83-4E34-8756-AECB851C15BC}.Ad-Hoc|iPhone.Build.0 = Release|Any CPU
		{49F06E5B-DA83-4E34-8756-AECB851C15BC}.Ad-Hoc|iPhone.Deploy.0 = Release|Any CPU
		{49F06E5B-DA83-4E34-8756-AECB851C15BC}.Ad-Hoc|iPhoneSimulator.ActiveCfg = Release|Any CPU
		{49F06E5B-DA83-4E34-8756-AECB851C15BC}.Ad-Hoc|iPhoneSimulator.Build.0 = Release|Any CPU
		{49F06E5B-DA83-4E34-8756-AECB851C15BC}.Ad-Hoc|iPhoneSimulator.Deploy.0 = Release|Any CPU
		{49F06E5B-DA83-4E34-8756-AECB851C15BC}.Ad-Hoc|x64.ActiveCfg = Release|Any CPU
		{49F06E5B-DA83-4E34-8756-AECB851C15BC}.Ad-Hoc|x64.Build.0 = Release|Any CPU
		{49F06E5B-DA83-4E34-8756-AECB851C15BC}.Ad-Hoc|x64.Deploy.0 = Release|Any CPU
		{49F06E5B-DA83-4E34-8756-AECB851C15BC}.Ad-Hoc|x86.ActiveCfg = Release|Any CPU
		{49F06E5B-DA83-4E34-8756-AECB851C15BC}.Ad-Hoc|x86.Build.0 = Release|Any CPU
		{49F06E5B-DA83-4E34-8756-AECB851C15BC}.Ad-Hoc|x86.Deploy.0 = Release|Any CPU
		{49F06E5B-DA83-4E34-8756-AECB851C15BC}.AppStore|Any CPU.ActiveCfg = Release|Any CPU
		{49F06E5B-DA83-4E34-8756-AECB851C15BC}.AppStore|Any CPU.Build.0 = Release|Any CPU
		{49F06E5B-DA83-4E34-8756-AECB851C15BC}.AppStore|Any CPU.Deploy.0 = Release|Any CPU
		{49F06E5B-DA83-4E34-8756-AECB851C15BC}.AppStore|ARM.ActiveCfg = Release|Any CPU
		{49F06E5B-DA83-4E34-8756-AECB851C15BC}.AppStore|ARM.Build.0 = Release|Any CPU
		{49F06E5B-DA83-4E34-8756-AECB851C15BC}.AppStore|ARM.Deploy.0 = Release|Any CPU
		{49F06E5B-DA83-4E34-8756-AECB851C15BC}.AppStore|iPhone.ActiveCfg = Release|Any CPU
		{49F06E5B-DA83-4E34-8756-AECB851C15BC}.AppStore|iPhone.Build.0 = Release|Any CPU
		{49F06E5B-DA83-4E34-8756-AECB851C15BC}.AppStore|iPhone.Deploy.0 = Release|Any CPU
		{49F06E5B-DA83-4E34-8756-AECB851C15BC}.AppStore|iPhoneSimulator.ActiveCfg = Release|Any CPU
		{49F06E5B-DA83-4E34-8756-AECB851C15BC}.AppStore|iPhoneSimulator.Build.0 = Release|Any CPU
		{49F06E5B-DA83-4E34-8756-AECB851C15BC}.AppStore|iPhoneSimulator.Deploy.0 = Release|Any CPU
		{49F06E5B-DA83-4E34-8756-AECB851C15BC}.AppStore|x64.ActiveCfg = Release|Any CPU
		{49F06E5B-DA83-4E34-8756-AECB851C15BC}.AppStore|x64.Build.0 = Release|Any CPU
		{49F06E5B-DA83-4E34-8756-AECB851C15BC}.AppStore|x64.Deploy.0 = Release|Any CPU
		{49F06E5B-DA83-4E34-8756-AECB851C15BC}.AppStore|x86.ActiveCfg = Release|Any CPU
		{49F06E5B-DA83-4E34-8756-AECB851C15BC}.AppStore|x86.Build.0 = Release|Any CPU
		{49F06E5B-DA83-4E34-8756-AECB851C15BC}.AppStore|x86.Deploy.0 = Release|Any CPU
		{49F06E5B-DA83-4E34-8756-AECB851C15BC}.Debug|Any CPU.ActiveCfg = Debug|Any CPU
		{49F06E5B-DA83-4E34-8756-AECB851C15BC}.Debug|Any CPU.Build.0 = Debug|Any CPU
		{49F06E5B-DA83-4E34-8756-AECB851C15BC}.Debug|Any CPU.Deploy.0 = Debug|Any CPU
		{49F06E5B-DA83-4E34-8756-AECB851C15BC}.Debug|ARM.ActiveCfg = Debug|Any CPU
		{49F06E5B-DA83-4E34-8756-AECB851C15BC}.Debug|ARM.Build.0 = Debug|Any CPU
		{49F06E5B-DA83-4E34-8756-AECB851C15BC}.Debug|ARM.Deploy.0 = Debug|Any CPU
		{49F06E5B-DA83-4E34-8756-AECB851C15BC}.Debug|iPhone.ActiveCfg = Debug|Any CPU
		{49F06E5B-DA83-4E34-8756-AECB851C15BC}.Debug|iPhone.Build.0 = Debug|Any CPU
		{49F06E5B-DA83-4E34-8756-AECB851C15BC}.Debug|iPhone.Deploy.0 = Debug|Any CPU
		{49F06E5B-DA83-4E34-8756-AECB851C15BC}.Debug|iPhoneSimulator.ActiveCfg = Debug|Any CPU
		{49F06E5B-DA83-4E34-8756-AECB851C15BC}.Debug|iPhoneSimulator.Build.0 = Debug|Any CPU
		{49F06E5B-DA83-4E34-8756-AECB851C15BC}.Debug|iPhoneSimulator.Deploy.0 = Debug|Any CPU
		{49F06E5B-DA83-4E34-8756-AECB851C15BC}.Debug|x64.ActiveCfg = Debug|Any CPU
		{49F06E5B-DA83-4E34-8756-AECB851C15BC}.Debug|x64.Build.0 = Debug|Any CPU
		{49F06E5B-DA83-4E34-8756-AECB851C15BC}.Debug|x64.Deploy.0 = Debug|Any CPU
		{49F06E5B-DA83-4E34-8756-AECB851C15BC}.Debug|x86.ActiveCfg = Debug|Any CPU
		{49F06E5B-DA83-4E34-8756-AECB851C15BC}.Debug|x86.Build.0 = Debug|Any CPU
		{49F06E5B-DA83-4E34-8756-AECB851C15BC}.Debug|x86.Deploy.0 = Debug|Any CPU
		{49F06E5B-DA83-4E34-8756-AECB851C15BC}.Release|Any CPU.ActiveCfg = Release|Any CPU
		{49F06E5B-DA83-4E34-8756-AECB851C15BC}.Release|Any CPU.Build.0 = Release|Any CPU
		{49F06E5B-DA83-4E34-8756-AECB851C15BC}.Release|Any CPU.Deploy.0 = Release|Any CPU
		{49F06E5B-DA83-4E34-8756-AECB851C15BC}.Release|ARM.ActiveCfg = Release|Any CPU
		{49F06E5B-DA83-4E34-8756-AECB851C15BC}.Release|ARM.Build.0 = Release|Any CPU
		{49F06E5B-DA83-4E34-8756-AECB851C15BC}.Release|ARM.Deploy.0 = Release|Any CPU
		{49F06E5B-DA83-4E34-8756-AECB851C15BC}.Release|iPhone.ActiveCfg = Release|Any CPU
		{49F06E5B-DA83-4E34-8756-AECB851C15BC}.Release|iPhone.Build.0 = Release|Any CPU
		{49F06E5B-DA83-4E34-8756-AECB851C15BC}.Release|iPhone.Deploy.0 = Release|Any CPU
		{49F06E5B-DA83-4E34-8756-AECB851C15BC}.Release|iPhoneSimulator.ActiveCfg = Release|Any CPU
		{49F06E5B-DA83-4E34-8756-AECB851C15BC}.Release|iPhoneSimulator.Build.0 = Release|Any CPU
		{49F06E5B-DA83-4E34-8756-AECB851C15BC}.Release|iPhoneSimulator.Deploy.0 = Release|Any CPU
		{49F06E5B-DA83-4E34-8756-AECB851C15BC}.Release|x64.ActiveCfg = Release|Any CPU
		{49F06E5B-DA83-4E34-8756-AECB851C15BC}.Release|x64.Build.0 = Release|Any CPU
		{49F06E5B-DA83-4E34-8756-AECB851C15BC}.Release|x64.Deploy.0 = Release|Any CPU
		{49F06E5B-DA83-4E34-8756-AECB851C15BC}.Release|x86.ActiveCfg = Release|Any CPU
		{49F06E5B-DA83-4E34-8756-AECB851C15BC}.Release|x86.Build.0 = Release|Any CPU
		{49F06E5B-DA83-4E34-8756-AECB851C15BC}.Release|x86.Deploy.0 = Release|Any CPU
		{77EAB2D9-1BFB-4C42-8803-2B29BF163224}.Ad-Hoc|Any CPU.ActiveCfg = Ad-Hoc|iPhone
		{77EAB2D9-1BFB-4C42-8803-2B29BF163224}.Ad-Hoc|Any CPU.Build.0 = Ad-Hoc|iPhone
		{77EAB2D9-1BFB-4C42-8803-2B29BF163224}.Ad-Hoc|Any CPU.Deploy.0 = Ad-Hoc|iPhone
		{77EAB2D9-1BFB-4C42-8803-2B29BF163224}.Ad-Hoc|ARM.ActiveCfg = Ad-Hoc|iPhone
		{77EAB2D9-1BFB-4C42-8803-2B29BF163224}.Ad-Hoc|ARM.Build.0 = Ad-Hoc|iPhone
		{77EAB2D9-1BFB-4C42-8803-2B29BF163224}.Ad-Hoc|ARM.Deploy.0 = Ad-Hoc|iPhone
		{77EAB2D9-1BFB-4C42-8803-2B29BF163224}.Ad-Hoc|iPhone.ActiveCfg = Ad-Hoc|iPhone
		{77EAB2D9-1BFB-4C42-8803-2B29BF163224}.Ad-Hoc|iPhone.Build.0 = Ad-Hoc|iPhone
		{77EAB2D9-1BFB-4C42-8803-2B29BF163224}.Ad-Hoc|iPhone.Deploy.0 = Ad-Hoc|iPhone
		{77EAB2D9-1BFB-4C42-8803-2B29BF163224}.Ad-Hoc|iPhoneSimulator.ActiveCfg = Ad-Hoc|iPhoneSimulator
		{77EAB2D9-1BFB-4C42-8803-2B29BF163224}.Ad-Hoc|iPhoneSimulator.Build.0 = Ad-Hoc|iPhoneSimulator
		{77EAB2D9-1BFB-4C42-8803-2B29BF163224}.Ad-Hoc|iPhoneSimulator.Deploy.0 = Ad-Hoc|iPhoneSimulator
		{77EAB2D9-1BFB-4C42-8803-2B29BF163224}.Ad-Hoc|x64.ActiveCfg = Ad-Hoc|iPhone
		{77EAB2D9-1BFB-4C42-8803-2B29BF163224}.Ad-Hoc|x64.Build.0 = Ad-Hoc|iPhone
		{77EAB2D9-1BFB-4C42-8803-2B29BF163224}.Ad-Hoc|x64.Deploy.0 = Ad-Hoc|iPhone
		{77EAB2D9-1BFB-4C42-8803-2B29BF163224}.Ad-Hoc|x86.ActiveCfg = Ad-Hoc|iPhone
		{77EAB2D9-1BFB-4C42-8803-2B29BF163224}.Ad-Hoc|x86.Build.0 = Ad-Hoc|iPhone
		{77EAB2D9-1BFB-4C42-8803-2B29BF163224}.Ad-Hoc|x86.Deploy.0 = Ad-Hoc|iPhone
		{77EAB2D9-1BFB-4C42-8803-2B29BF163224}.AppStore|Any CPU.ActiveCfg = AppStore|iPhone
		{77EAB2D9-1BFB-4C42-8803-2B29BF163224}.AppStore|Any CPU.Build.0 = AppStore|iPhone
		{77EAB2D9-1BFB-4C42-8803-2B29BF163224}.AppStore|Any CPU.Deploy.0 = AppStore|iPhone
		{77EAB2D9-1BFB-4C42-8803-2B29BF163224}.AppStore|ARM.ActiveCfg = AppStore|iPhone
		{77EAB2D9-1BFB-4C42-8803-2B29BF163224}.AppStore|ARM.Build.0 = AppStore|iPhone
		{77EAB2D9-1BFB-4C42-8803-2B29BF163224}.AppStore|ARM.Deploy.0 = AppStore|iPhone
		{77EAB2D9-1BFB-4C42-8803-2B29BF163224}.AppStore|iPhone.ActiveCfg = AppStore|iPhone
		{77EAB2D9-1BFB-4C42-8803-2B29BF163224}.AppStore|iPhone.Build.0 = AppStore|iPhone
		{77EAB2D9-1BFB-4C42-8803-2B29BF163224}.AppStore|iPhone.Deploy.0 = AppStore|iPhone
		{77EAB2D9-1BFB-4C42-8803-2B29BF163224}.AppStore|iPhoneSimulator.ActiveCfg = AppStore|iPhoneSimulator
		{77EAB2D9-1BFB-4C42-8803-2B29BF163224}.AppStore|iPhoneSimulator.Build.0 = AppStore|iPhoneSimulator
		{77EAB2D9-1BFB-4C42-8803-2B29BF163224}.AppStore|iPhoneSimulator.Deploy.0 = AppStore|iPhoneSimulator
		{77EAB2D9-1BFB-4C42-8803-2B29BF163224}.AppStore|x64.ActiveCfg = AppStore|iPhone
		{77EAB2D9-1BFB-4C42-8803-2B29BF163224}.AppStore|x64.Build.0 = AppStore|iPhone
		{77EAB2D9-1BFB-4C42-8803-2B29BF163224}.AppStore|x64.Deploy.0 = AppStore|iPhone
		{77EAB2D9-1BFB-4C42-8803-2B29BF163224}.AppStore|x86.ActiveCfg = AppStore|iPhone
		{77EAB2D9-1BFB-4C42-8803-2B29BF163224}.AppStore|x86.Build.0 = AppStore|iPhone
		{77EAB2D9-1BFB-4C42-8803-2B29BF163224}.AppStore|x86.Deploy.0 = AppStore|iPhone
		{77EAB2D9-1BFB-4C42-8803-2B29BF163224}.Debug|Any CPU.ActiveCfg = Debug|iPhoneSimulator
		{77EAB2D9-1BFB-4C42-8803-2B29BF163224}.Debug|Any CPU.Build.0 = Debug|iPhoneSimulator
		{77EAB2D9-1BFB-4C42-8803-2B29BF163224}.Debug|Any CPU.Deploy.0 = Debug|iPhoneSimulator
		{77EAB2D9-1BFB-4C42-8803-2B29BF163224}.Debug|ARM.ActiveCfg = Debug|iPhone
		{77EAB2D9-1BFB-4C42-8803-2B29BF163224}.Debug|ARM.Build.0 = Debug|iPhone
		{77EAB2D9-1BFB-4C42-8803-2B29BF163224}.Debug|ARM.Deploy.0 = Debug|iPhone
		{77EAB2D9-1BFB-4C42-8803-2B29BF163224}.Debug|iPhone.ActiveCfg = Debug|iPhone
		{77EAB2D9-1BFB-4C42-8803-2B29BF163224}.Debug|iPhone.Build.0 = Debug|iPhone
		{77EAB2D9-1BFB-4C42-8803-2B29BF163224}.Debug|iPhone.Deploy.0 = Debug|iPhone
		{77EAB2D9-1BFB-4C42-8803-2B29BF163224}.Debug|iPhoneSimulator.ActiveCfg = Debug|iPhoneSimulator
		{77EAB2D9-1BFB-4C42-8803-2B29BF163224}.Debug|iPhoneSimulator.Build.0 = Debug|iPhoneSimulator
		{77EAB2D9-1BFB-4C42-8803-2B29BF163224}.Debug|iPhoneSimulator.Deploy.0 = Debug|iPhoneSimulator
		{77EAB2D9-1BFB-4C42-8803-2B29BF163224}.Debug|x64.ActiveCfg = Debug|iPhone
		{77EAB2D9-1BFB-4C42-8803-2B29BF163224}.Debug|x64.Build.0 = Debug|iPhone
		{77EAB2D9-1BFB-4C42-8803-2B29BF163224}.Debug|x64.Deploy.0 = Debug|iPhone
		{77EAB2D9-1BFB-4C42-8803-2B29BF163224}.Debug|x86.ActiveCfg = Debug|iPhone
		{77EAB2D9-1BFB-4C42-8803-2B29BF163224}.Debug|x86.Build.0 = Debug|iPhone
		{77EAB2D9-1BFB-4C42-8803-2B29BF163224}.Debug|x86.Deploy.0 = Debug|iPhone
		{77EAB2D9-1BFB-4C42-8803-2B29BF163224}.Release|Any CPU.ActiveCfg = Release|iPhone
		{77EAB2D9-1BFB-4C42-8803-2B29BF163224}.Release|Any CPU.Build.0 = Release|iPhone
		{77EAB2D9-1BFB-4C42-8803-2B29BF163224}.Release|Any CPU.Deploy.0 = Release|iPhone
		{77EAB2D9-1BFB-4C42-8803-2B29BF163224}.Release|ARM.ActiveCfg = Release|iPhone
		{77EAB2D9-1BFB-4C42-8803-2B29BF163224}.Release|ARM.Build.0 = Release|iPhone
		{77EAB2D9-1BFB-4C42-8803-2B29BF163224}.Release|ARM.Deploy.0 = Release|iPhone
		{77EAB2D9-1BFB-4C42-8803-2B29BF163224}.Release|iPhone.ActiveCfg = Release|iPhone
		{77EAB2D9-1BFB-4C42-8803-2B29BF163224}.Release|iPhone.Build.0 = Release|iPhone
		{77EAB2D9-1BFB-4C42-8803-2B29BF163224}.Release|iPhone.Deploy.0 = Release|iPhone
		{77EAB2D9-1BFB-4C42-8803-2B29BF163224}.Release|iPhoneSimulator.ActiveCfg = Release|iPhoneSimulator
		{77EAB2D9-1BFB-4C42-8803-2B29BF163224}.Release|iPhoneSimulator.Build.0 = Release|iPhoneSimulator
		{77EAB2D9-1BFB-4C42-8803-2B29BF163224}.Release|iPhoneSimulator.Deploy.0 = Release|iPhoneSimulator
		{77EAB2D9-1BFB-4C42-8803-2B29BF163224}.Release|x64.ActiveCfg = Release|iPhone
		{77EAB2D9-1BFB-4C42-8803-2B29BF163224}.Release|x64.Build.0 = Release|iPhone
		{77EAB2D9-1BFB-4C42-8803-2B29BF163224}.Release|x64.Deploy.0 = Release|iPhone
		{77EAB2D9-1BFB-4C42-8803-2B29BF163224}.Release|x86.ActiveCfg = Release|iPhone
		{77EAB2D9-1BFB-4C42-8803-2B29BF163224}.Release|x86.Build.0 = Release|iPhone
		{77EAB2D9-1BFB-4C42-8803-2B29BF163224}.Release|x86.Deploy.0 = Release|iPhone
		{7A07FF88-020E-4DF5-AB82-89A5D24EB251}.Ad-Hoc|Any CPU.ActiveCfg = Release|x86
		{7A07FF88-020E-4DF5-AB82-89A5D24EB251}.Ad-Hoc|Any CPU.Build.0 = Release|x86
		{7A07FF88-020E-4DF5-AB82-89A5D24EB251}.Ad-Hoc|Any CPU.Deploy.0 = Release|x86
		{7A07FF88-020E-4DF5-AB82-89A5D24EB251}.Ad-Hoc|ARM.ActiveCfg = Release|ARM
		{7A07FF88-020E-4DF5-AB82-89A5D24EB251}.Ad-Hoc|ARM.Build.0 = Release|ARM
		{7A07FF88-020E-4DF5-AB82-89A5D24EB251}.Ad-Hoc|ARM.Deploy.0 = Release|ARM
		{7A07FF88-020E-4DF5-AB82-89A5D24EB251}.Ad-Hoc|iPhone.ActiveCfg = Release|x86
		{7A07FF88-020E-4DF5-AB82-89A5D24EB251}.Ad-Hoc|iPhone.Build.0 = Release|x86
		{7A07FF88-020E-4DF5-AB82-89A5D24EB251}.Ad-Hoc|iPhone.Deploy.0 = Release|x86
		{7A07FF88-020E-4DF5-AB82-89A5D24EB251}.Ad-Hoc|iPhoneSimulator.ActiveCfg = Release|x86
		{7A07FF88-020E-4DF5-AB82-89A5D24EB251}.Ad-Hoc|iPhoneSimulator.Build.0 = Release|x86
		{7A07FF88-020E-4DF5-AB82-89A5D24EB251}.Ad-Hoc|iPhoneSimulator.Deploy.0 = Release|x86
		{7A07FF88-020E-4DF5-AB82-89A5D24EB251}.Ad-Hoc|x64.ActiveCfg = Release|x64
		{7A07FF88-020E-4DF5-AB82-89A5D24EB251}.Ad-Hoc|x64.Build.0 = Release|x64
		{7A07FF88-020E-4DF5-AB82-89A5D24EB251}.Ad-Hoc|x64.Deploy.0 = Release|x64
		{7A07FF88-020E-4DF5-AB82-89A5D24EB251}.Ad-Hoc|x86.ActiveCfg = Release|x86
		{7A07FF88-020E-4DF5-AB82-89A5D24EB251}.Ad-Hoc|x86.Build.0 = Release|x86
		{7A07FF88-020E-4DF5-AB82-89A5D24EB251}.Ad-Hoc|x86.Deploy.0 = Release|x86
		{7A07FF88-020E-4DF5-AB82-89A5D24EB251}.AppStore|Any CPU.ActiveCfg = Release|x86
		{7A07FF88-020E-4DF5-AB82-89A5D24EB251}.AppStore|Any CPU.Build.0 = Release|x86
		{7A07FF88-020E-4DF5-AB82-89A5D24EB251}.AppStore|Any CPU.Deploy.0 = Release|x86
		{7A07FF88-020E-4DF5-AB82-89A5D24EB251}.AppStore|ARM.ActiveCfg = Release|ARM
		{7A07FF88-020E-4DF5-AB82-89A5D24EB251}.AppStore|ARM.Build.0 = Release|ARM
		{7A07FF88-020E-4DF5-AB82-89A5D24EB251}.AppStore|ARM.Deploy.0 = Release|ARM
		{7A07FF88-020E-4DF5-AB82-89A5D24EB251}.AppStore|iPhone.ActiveCfg = Release|x86
		{7A07FF88-020E-4DF5-AB82-89A5D24EB251}.AppStore|iPhone.Build.0 = Release|x86
		{7A07FF88-020E-4DF5-AB82-89A5D24EB251}.AppStore|iPhone.Deploy.0 = Release|x86
		{7A07FF88-020E-4DF5-AB82-89A5D24EB251}.AppStore|iPhoneSimulator.ActiveCfg = Release|x86
		{7A07FF88-020E-4DF5-AB82-89A5D24EB251}.AppStore|iPhoneSimulator.Build.0 = Release|x86
		{7A07FF88-020E-4DF5-AB82-89A5D24EB251}.AppStore|iPhoneSimulator.Deploy.0 = Release|x86
		{7A07FF88-020E-4DF5-AB82-89A5D24EB251}.AppStore|x64.ActiveCfg = Release|x64
		{7A07FF88-020E-4DF5-AB82-89A5D24EB251}.AppStore|x64.Build.0 = Release|x64
		{7A07FF88-020E-4DF5-AB82-89A5D24EB251}.AppStore|x64.Deploy.0 = Release|x64
		{7A07FF88-020E-4DF5-AB82-89A5D24EB251}.AppStore|x86.ActiveCfg = Release|x86
		{7A07FF88-020E-4DF5-AB82-89A5D24EB251}.AppStore|x86.Build.0 = Release|x86
		{7A07FF88-020E-4DF5-AB82-89A5D24EB251}.AppStore|x86.Deploy.0 = Release|x86
		{7A07FF88-020E-4DF5-AB82-89A5D24EB251}.Debug|Any CPU.ActiveCfg = Debug|x86
		{7A07FF88-020E-4DF5-AB82-89A5D24EB251}.Debug|Any CPU.Build.0 = Debug|x86
		{7A07FF88-020E-4DF5-AB82-89A5D24EB251}.Debug|Any CPU.Deploy.0 = Debug|x86
		{7A07FF88-020E-4DF5-AB82-89A5D24EB251}.Debug|ARM.ActiveCfg = Debug|ARM
		{7A07FF88-020E-4DF5-AB82-89A5D24EB251}.Debug|ARM.Build.0 = Debug|ARM
		{7A07FF88-020E-4DF5-AB82-89A5D24EB251}.Debug|ARM.Deploy.0 = Debug|ARM
		{7A07FF88-020E-4DF5-AB82-89A5D24EB251}.Debug|iPhone.ActiveCfg = Debug|x86
		{7A07FF88-020E-4DF5-AB82-89A5D24EB251}.Debug|iPhone.Build.0 = Debug|x86
		{7A07FF88-020E-4DF5-AB82-89A5D24EB251}.Debug|iPhone.Deploy.0 = Debug|x86
		{7A07FF88-020E-4DF5-AB82-89A5D24EB251}.Debug|iPhoneSimulator.ActiveCfg = Debug|x86
		{7A07FF88-020E-4DF5-AB82-89A5D24EB251}.Debug|iPhoneSimulator.Build.0 = Debug|x86
		{7A07FF88-020E-4DF5-AB82-89A5D24EB251}.Debug|iPhoneSimulator.Deploy.0 = Debug|x86
		{7A07FF88-020E-4DF5-AB82-89A5D24EB251}.Debug|x64.ActiveCfg = Debug|x64
		{7A07FF88-020E-4DF5-AB82-89A5D24EB251}.Debug|x64.Build.0 = Debug|x64
		{7A07FF88-020E-4DF5-AB82-89A5D24EB251}.Debug|x64.Deploy.0 = Debug|x64
		{7A07FF88-020E-4DF5-AB82-89A5D24EB251}.Debug|x86.ActiveCfg = Debug|x86
		{7A07FF88-020E-4DF5-AB82-89A5D24EB251}.Debug|x86.Build.0 = Debug|x86
		{7A07FF88-020E-4DF5-AB82-89A5D24EB251}.Debug|x86.Deploy.0 = Debug|x86
		{7A07FF88-020E-4DF5-AB82-89A5D24EB251}.Release|Any CPU.ActiveCfg = Release|x86
		{7A07FF88-020E-4DF5-AB82-89A5D24EB251}.Release|Any CPU.Build.0 = Release|x86
		{7A07FF88-020E-4DF5-AB82-89A5D24EB251}.Release|Any CPU.Deploy.0 = Release|x86
		{7A07FF88-020E-4DF5-AB82-89A5D24EB251}.Release|ARM.ActiveCfg = Release|ARM
		{7A07FF88-020E-4DF5-AB82-89A5D24EB251}.Release|ARM.Build.0 = Release|ARM
		{7A07FF88-020E-4DF5-AB82-89A5D24EB251}.Release|ARM.Deploy.0 = Release|ARM
		{7A07FF88-020E-4DF5-AB82-89A5D24EB251}.Release|iPhone.ActiveCfg = Release|x86
		{7A07FF88-020E-4DF5-AB82-89A5D24EB251}.Release|iPhone.Build.0 = Release|x86
		{7A07FF88-020E-4DF5-AB82-89A5D24EB251}.Release|iPhone.Deploy.0 = Release|x86
		{7A07FF88-020E-4DF5-AB82-89A5D24EB251}.Release|iPhoneSimulator.ActiveCfg = Release|x86
		{7A07FF88-020E-4DF5-AB82-89A5D24EB251}.Release|iPhoneSimulator.Build.0 = Release|x86
		{7A07FF88-020E-4DF5-AB82-89A5D24EB251}.Release|iPhoneSimulator.Deploy.0 = Release|x86
		{7A07FF88-020E-4DF5-AB82-89A5D24EB251}.Release|x64.ActiveCfg = Release|x64
		{7A07FF88-020E-4DF5-AB82-89A5D24EB251}.Release|x64.Build.0 = Release|x64
		{7A07FF88-020E-4DF5-AB82-89A5D24EB251}.Release|x64.Deploy.0 = Release|x64
		{7A07FF88-020E-4DF5-AB82-89A5D24EB251}.Release|x86.ActiveCfg = Release|x86
		{7A07FF88-020E-4DF5-AB82-89A5D24EB251}.Release|x86.Build.0 = Release|x86
		{7A07FF88-020E-4DF5-AB82-89A5D24EB251}.Release|x86.Deploy.0 = Release|x86
	EndGlobalSection
	GlobalSection(SolutionProperties) = preSolution
		HideSolutionNode = FALSE
	EndGlobalSection
	GlobalSection(ExtensibilityGlobals) = postSolution
		SolutionGuid = {DE7DA88A-3723-4D53-A810-399CEEC1C117}
	EndGlobalSection
EndGlobal
